// !$*UTF8*$!
{
	archiveVersion = 1;
	classes = {
	};
	objectVersion = 48;
	objects = {

/* Begin PBXBuildFile section */
		3F5224401F73B0C100D7D77A /* FlickrApi.m in Sources */ = {isa = PBXBuildFile; fileRef = 3F89F9CE1F73AFFC002A3FCB /* FlickrApi.m */; };
		3FBCC7451F73AE9200D35147 /* AppDelegate.swift in Sources */ = {isa = PBXBuildFile; fileRef = 3FBCC7441F73AE9200D35147 /* AppDelegate.swift */; };
		3FBCC74A1F73AE9200D35147 /* Main.storyboard in Resources */ = {isa = PBXBuildFile; fileRef = 3FBCC7481F73AE9200D35147 /* Main.storyboard */; };
		3FBCC74C1F73AE9200D35147 /* Assets.xcassets in Resources */ = {isa = PBXBuildFile; fileRef = 3FBCC74B1F73AE9200D35147 /* Assets.xcassets */; };
		3FBCC74F1F73AE9200D35147 /* LaunchScreen.storyboard in Resources */ = {isa = PBXBuildFile; fileRef = 3FBCC74D1F73AE9200D35147 /* LaunchScreen.storyboard */; };
		772815B25B212F82FFF23685 /* libPods-FaiUnitTests.a in Frameworks */ = {isa = PBXBuildFile; fileRef = 2C0F660CFD238C40E74B0EA9 /* libPods-FaiUnitTests.a */; };
		7B31FF1B222C775E00C83F1B /* PhotoViewModel.swift in Sources */ = {isa = PBXBuildFile; fileRef = 7BA444DE2219BCEB000F7F30 /* PhotoViewModel.swift */; };
		7B354587222B1E9200A30600 /* FaiUITest.swift in Sources */ = {isa = PBXBuildFile; fileRef = 7B354586222B1E9200A30600 /* FaiUITest.swift */; };
		7B3DCE872221B40E00F872B8 /* NetworkManager.swift in Sources */ = {isa = PBXBuildFile; fileRef = 7B3DCE862221B40E00F872B8 /* NetworkManager.swift */; };
		7B44494A222AA00100BDAC25 /* LoadingViewController.swift in Sources */ = {isa = PBXBuildFile; fileRef = 7B444949222AA00100BDAC25 /* LoadingViewController.swift */; };
		7B4701AD222B41020026373A /* FaiUnitTests.swift in Sources */ = {isa = PBXBuildFile; fileRef = 7B354594222B1EB000A30600 /* FaiUnitTests.swift */; };
		7B93E23F222750080037BEA8 /* PhotoViewController.swift in Sources */ = {isa = PBXBuildFile; fileRef = 7B93E23E222750080037BEA8 /* PhotoViewController.swift */; };
		7BA444D922199223000F7F30 /* FeedCollectionViewController.swift in Sources */ = {isa = PBXBuildFile; fileRef = 7BA444D822199223000F7F30 /* FeedCollectionViewController.swift */; };
		7BA444EC221A0B72000F7F30 /* CollectionCell.swift in Sources */ = {isa = PBXBuildFile; fileRef = 7BA444EB221A0B72000F7F30 /* CollectionCell.swift */; };
		E3F2831F9F2C8EF141DFDAF9 /* libPods-JodelChallenge.a in Frameworks */ = {isa = PBXBuildFile; fileRef = 310774A51D73A513D7854CD7 /* libPods-JodelChallenge.a */; };
/* End PBXBuildFile section */

/* Begin PBXContainerItemProxy section */
		7B354589222B1E9200A30600 /* PBXContainerItemProxy */ = {
			isa = PBXContainerItemProxy;
			containerPortal = 3FBCC7391F73AE9200D35147 /* Project object */;
			proxyType = 1;
			remoteGlobalIDString = 3FBCC7401F73AE9200D35147;
			remoteInfo = JodelChallenge;
		};
		7B354597222B1EB000A30600 /* PBXContainerItemProxy */ = {
			isa = PBXContainerItemProxy;
			containerPortal = 3FBCC7391F73AE9200D35147 /* Project object */;
			proxyType = 1;
			remoteGlobalIDString = 3FBCC7401F73AE9200D35147;
			remoteInfo = JodelChallenge;
		};
/* End PBXContainerItemProxy section */

/* Begin PBXFileReference section */
		2C0F660CFD238C40E74B0EA9 /* libPods-FaiUnitTests.a */ = {isa = PBXFileReference; explicitFileType = archive.ar; includeInIndex = 0; path = "libPods-FaiUnitTests.a"; sourceTree = BUILT_PRODUCTS_DIR; };
		310774A51D73A513D7854CD7 /* libPods-JodelChallenge.a */ = {isa = PBXFileReference; explicitFileType = archive.ar; includeInIndex = 0; path = "libPods-JodelChallenge.a"; sourceTree = BUILT_PRODUCTS_DIR; };
		3280AD3C8DE99AF652AD0779 /* Pods-FaiUnitTests.debug.xcconfig */ = {isa = PBXFileReference; includeInIndex = 1; lastKnownFileType = text.xcconfig; name = "Pods-FaiUnitTests.debug.xcconfig"; path = "Pods/Target Support Files/Pods-FaiUnitTests/Pods-FaiUnitTests.debug.xcconfig"; sourceTree = "<group>"; };
		3F89F9CC1F73AFFC002A3FCB /* JodelChallenge-Bridging-Header.h */ = {isa = PBXFileReference; lastKnownFileType = sourcecode.c.h; path = "JodelChallenge-Bridging-Header.h"; sourceTree = "<group>"; };
		3F89F9CD1F73AFFC002A3FCB /* FlickrApi.h */ = {isa = PBXFileReference; lastKnownFileType = sourcecode.c.h; path = FlickrApi.h; sourceTree = "<group>"; };
		3F89F9CE1F73AFFC002A3FCB /* FlickrApi.m */ = {isa = PBXFileReference; lastKnownFileType = sourcecode.c.objc; path = FlickrApi.m; sourceTree = "<group>"; };
		3FBCC7411F73AE9200D35147 /* JodelChallenge.app */ = {isa = PBXFileReference; explicitFileType = wrapper.application; includeInIndex = 0; path = JodelChallenge.app; sourceTree = BUILT_PRODUCTS_DIR; };
		3FBCC7441F73AE9200D35147 /* AppDelegate.swift */ = {isa = PBXFileReference; lastKnownFileType = sourcecode.swift; path = AppDelegate.swift; sourceTree = "<group>"; };
		3FBCC7491F73AE9200D35147 /* Base */ = {isa = PBXFileReference; lastKnownFileType = file.storyboard; name = Base; path = Base.lproj/Main.storyboard; sourceTree = "<group>"; };
		3FBCC74B1F73AE9200D35147 /* Assets.xcassets */ = {isa = PBXFileReference; lastKnownFileType = folder.assetcatalog; path = Assets.xcassets; sourceTree = "<group>"; };
		3FBCC74E1F73AE9200D35147 /* Base */ = {isa = PBXFileReference; lastKnownFileType = file.storyboard; name = Base; path = Base.lproj/LaunchScreen.storyboard; sourceTree = "<group>"; };
		3FBCC7501F73AE9200D35147 /* Info.plist */ = {isa = PBXFileReference; lastKnownFileType = text.plist.xml; path = Info.plist; sourceTree = "<group>"; };
		725C4F04B15E5272D8D1E3A0 /* Pods-JodelChallenge.debug.xcconfig */ = {isa = PBXFileReference; includeInIndex = 1; lastKnownFileType = text.xcconfig; name = "Pods-JodelChallenge.debug.xcconfig"; path = "Pods/Target Support Files/Pods-JodelChallenge/Pods-JodelChallenge.debug.xcconfig"; sourceTree = "<group>"; };
		7B354584222B1E9200A30600 /* FaiUITest.xctest */ = {isa = PBXFileReference; explicitFileType = wrapper.cfbundle; includeInIndex = 0; path = FaiUITest.xctest; sourceTree = BUILT_PRODUCTS_DIR; };
		7B354586222B1E9200A30600 /* FaiUITest.swift */ = {isa = PBXFileReference; lastKnownFileType = sourcecode.swift; path = FaiUITest.swift; sourceTree = "<group>"; };
		7B354588222B1E9200A30600 /* Info.plist */ = {isa = PBXFileReference; lastKnownFileType = text.plist.xml; path = Info.plist; sourceTree = "<group>"; };
		7B354592222B1EAF00A30600 /* FaiUnitTests.xctest */ = {isa = PBXFileReference; explicitFileType = wrapper.cfbundle; includeInIndex = 0; path = FaiUnitTests.xctest; sourceTree = BUILT_PRODUCTS_DIR; };
		7B354594222B1EB000A30600 /* FaiUnitTests.swift */ = {isa = PBXFileReference; lastKnownFileType = sourcecode.swift; path = FaiUnitTests.swift; sourceTree = "<group>"; };
		7B354596222B1EB000A30600 /* Info.plist */ = {isa = PBXFileReference; lastKnownFileType = text.plist.xml; path = Info.plist; sourceTree = "<group>"; };
		7B3DCE862221B40E00F872B8 /* NetworkManager.swift */ = {isa = PBXFileReference; lastKnownFileType = sourcecode.swift; path = NetworkManager.swift; sourceTree = "<group>"; };
		7B444949222AA00100BDAC25 /* LoadingViewController.swift */ = {isa = PBXFileReference; lastKnownFileType = sourcecode.swift; path = LoadingViewController.swift; sourceTree = "<group>"; };
		7B93E23E222750080037BEA8 /* PhotoViewController.swift */ = {isa = PBXFileReference; lastKnownFileType = sourcecode.swift; path = PhotoViewController.swift; sourceTree = "<group>"; };
		7BA444D822199223000F7F30 /* FeedCollectionViewController.swift */ = {isa = PBXFileReference; lastKnownFileType = sourcecode.swift; path = FeedCollectionViewController.swift; sourceTree = "<group>"; };
		7BA444DE2219BCEB000F7F30 /* PhotoViewModel.swift */ = {isa = PBXFileReference; lastKnownFileType = sourcecode.swift; path = PhotoViewModel.swift; sourceTree = "<group>"; };
		7BA444EB221A0B72000F7F30 /* CollectionCell.swift */ = {isa = PBXFileReference; lastKnownFileType = sourcecode.swift; path = CollectionCell.swift; sourceTree = "<group>"; };
		A7096B2AF22017DBA2B785C4 /* Pods-JodelChallenge.release.xcconfig */ = {isa = PBXFileReference; includeInIndex = 1; lastKnownFileType = text.xcconfig; name = "Pods-JodelChallenge.release.xcconfig"; path = "Pods/Target Support Files/Pods-JodelChallenge/Pods-JodelChallenge.release.xcconfig"; sourceTree = "<group>"; };
		B1A7A2AD6F673CACAC67FBAF /* Pods-FaiUnitTests.release.xcconfig */ = {isa = PBXFileReference; includeInIndex = 1; lastKnownFileType = text.xcconfig; name = "Pods-FaiUnitTests.release.xcconfig"; path = "Pods/Target Support Files/Pods-FaiUnitTests/Pods-FaiUnitTests.release.xcconfig"; sourceTree = "<group>"; };
/* End PBXFileReference section */

/* Begin PBXFrameworksBuildPhase section */
		3FBCC73E1F73AE9200D35147 /* Frameworks */ = {
			isa = PBXFrameworksBuildPhase;
			buildActionMask = 2147483647;
			files = (
				E3F2831F9F2C8EF141DFDAF9 /* libPods-JodelChallenge.a in Frameworks */,
			);
			runOnlyForDeploymentPostprocessing = 0;
		};
		7B354581222B1E9200A30600 /* Frameworks */ = {
			isa = PBXFrameworksBuildPhase;
			buildActionMask = 2147483647;
			files = (
			);
			runOnlyForDeploymentPostprocessing = 0;
		};
		7B35458F222B1EAF00A30600 /* Frameworks */ = {
			isa = PBXFrameworksBuildPhase;
			buildActionMask = 2147483647;
			files = (
				772815B25B212F82FFF23685 /* libPods-FaiUnitTests.a in Frameworks */,
			);
			runOnlyForDeploymentPostprocessing = 0;
		};
/* End PBXFrameworksBuildPhase section */

/* Begin PBXGroup section */
		1E27EA24C815FAE48893FF55 /* Pods */ = {
			isa = PBXGroup;
			children = (
				725C4F04B15E5272D8D1E3A0 /* Pods-JodelChallenge.debug.xcconfig */,
				A7096B2AF22017DBA2B785C4 /* Pods-JodelChallenge.release.xcconfig */,
				3280AD3C8DE99AF652AD0779 /* Pods-FaiUnitTests.debug.xcconfig */,
				B1A7A2AD6F673CACAC67FBAF /* Pods-FaiUnitTests.release.xcconfig */,
			);
			name = Pods;
			sourceTree = "<group>";
		};
		3F89F9C91F73AF8A002A3FCB /* NetworkAPI */ = {
			isa = PBXGroup;
			children = (
				3F89F9CD1F73AFFC002A3FCB /* FlickrApi.h */,
				3F89F9CE1F73AFFC002A3FCB /* FlickrApi.m */,
				3F89F9CC1F73AFFC002A3FCB /* JodelChallenge-Bridging-Header.h */,
			);
			path = NetworkAPI;
			sourceTree = "<group>";
		};
		3F89F9CA1F73AF92002A3FCB /* Cells */ = {
			isa = PBXGroup;
			children = (
				7BA444EB221A0B72000F7F30 /* CollectionCell.swift */,
			);
			path = Cells;
			sourceTree = "<group>";
		};
		3F89F9CB1F73AF97002A3FCB /* ViewControllers */ = {
			isa = PBXGroup;
			children = (
				7B444948222A9FD500BDAC25 /* LoadingViewController */,
				7B93E23D22274FA80037BEA8 /* PhotoViewController */,
				7BA444D7221991CE000F7F30 /* FeedViewController */,
			);
			path = ViewControllers;
			sourceTree = "<group>";
		};
		3FBCC7381F73AE9200D35147 = {
			isa = PBXGroup;
			children = (
				7B4933C92221A3A500B02A80 /* NetworkReachibility */,
				3FBCC7431F73AE9200D35147 /* JodelChallenge */,
				7B354585222B1E9200A30600 /* FaiUITest */,
				7B354593222B1EB000A30600 /* FaiUnitTests */,
				3FBCC7421F73AE9200D35147 /* Products */,
				1E27EA24C815FAE48893FF55 /* Pods */,
				760BAB3B5631AF7F57670803 /* Frameworks */,
			);
			sourceTree = "<group>";
		};
		3FBCC7421F73AE9200D35147 /* Products */ = {
			isa = PBXGroup;
			children = (
				3FBCC7411F73AE9200D35147 /* JodelChallenge.app */,
				7B354584222B1E9200A30600 /* FaiUITest.xctest */,
				7B354592222B1EAF00A30600 /* FaiUnitTests.xctest */,
			);
			name = Products;
			sourceTree = "<group>";
		};
		3FBCC7431F73AE9200D35147 /* JodelChallenge */ = {
			isa = PBXGroup;
			children = (
				7B6450C52220CE0B002B9C33 /* Extensions */,
				7BA444DC2219BCAC000F7F30 /* ViewModels */,
				3F89F9CB1F73AF97002A3FCB /* ViewControllers */,
				3F89F9CA1F73AF92002A3FCB /* Cells */,
				3F89F9C91F73AF8A002A3FCB /* NetworkAPI */,
				3FBCC7441F73AE9200D35147 /* AppDelegate.swift */,
				3FBCC7481F73AE9200D35147 /* Main.storyboard */,
				3FBCC74B1F73AE9200D35147 /* Assets.xcassets */,
				3FBCC74D1F73AE9200D35147 /* LaunchScreen.storyboard */,
				3FBCC7501F73AE9200D35147 /* Info.plist */,
			);
			path = JodelChallenge;
			sourceTree = "<group>";
		};
		760BAB3B5631AF7F57670803 /* Frameworks */ = {
			isa = PBXGroup;
			children = (
				310774A51D73A513D7854CD7 /* libPods-JodelChallenge.a */,
				2C0F660CFD238C40E74B0EA9 /* libPods-FaiUnitTests.a */,
			);
			name = Frameworks;
			sourceTree = "<group>";
		};
		7B354585222B1E9200A30600 /* FaiUITest */ = {
			isa = PBXGroup;
			children = (
				7B354586222B1E9200A30600 /* FaiUITest.swift */,
				7B354588222B1E9200A30600 /* Info.plist */,
			);
			path = FaiUITest;
			sourceTree = "<group>";
		};
		7B354593222B1EB000A30600 /* FaiUnitTests */ = {
			isa = PBXGroup;
			children = (
				7B354594222B1EB000A30600 /* FaiUnitTests.swift */,
				7B354596222B1EB000A30600 /* Info.plist */,
			);
			path = FaiUnitTests;
			sourceTree = "<group>";
		};
		7B444948222A9FD500BDAC25 /* LoadingViewController */ = {
			isa = PBXGroup;
			children = (
				7B444949222AA00100BDAC25 /* LoadingViewController.swift */,
			);
			path = LoadingViewController;
			sourceTree = "<group>";
		};
		7B4933C92221A3A500B02A80 /* NetworkReachibility */ = {
			isa = PBXGroup;
			children = (
				7B3DCE862221B40E00F872B8 /* NetworkManager.swift */,
			);
			path = NetworkReachibility;
			sourceTree = "<group>";
		};
		7B6450C52220CE0B002B9C33 /* Extensions */ = {
			isa = PBXGroup;
			children = (
			);
			path = Extensions;
			sourceTree = "<group>";
		};
		7B93E23D22274FA80037BEA8 /* PhotoViewController */ = {
			isa = PBXGroup;
			children = (
				7B93E23E222750080037BEA8 /* PhotoViewController.swift */,
			);
			path = PhotoViewController;
			sourceTree = "<group>";
		};
		7BA444D7221991CE000F7F30 /* FeedViewController */ = {
			isa = PBXGroup;
			children = (
				7BA444D822199223000F7F30 /* FeedCollectionViewController.swift */,
			);
			path = FeedViewController;
			sourceTree = "<group>";
		};
		7BA444DC2219BCAC000F7F30 /* ViewModels */ = {
			isa = PBXGroup;
			children = (
				7BA444DE2219BCEB000F7F30 /* PhotoViewModel.swift */,
			);
			path = ViewModels;
			sourceTree = "<group>";
		};
/* End PBXGroup section */

/* Begin PBXNativeTarget section */
		3FBCC7401F73AE9200D35147 /* JodelChallenge */ = {
			isa = PBXNativeTarget;
			buildConfigurationList = 3FBCC7691F73AE9200D35147 /* Build configuration list for PBXNativeTarget "JodelChallenge" */;
			buildPhases = (
				896C3E1B6DD33A68D762DBDB /* [CP] Check Pods Manifest.lock */,
				3FBCC73D1F73AE9200D35147 /* Sources */,
				3FBCC73E1F73AE9200D35147 /* Frameworks */,
				3FBCC73F1F73AE9200D35147 /* Resources */,
				E0BD68807361C40A30236BAD /* [CP] Copy Pods Resources */,
			);
			buildRules = (
			);
			dependencies = (
			);
			name = JodelChallenge;
			productName = JodelChallenge;
			productReference = 3FBCC7411F73AE9200D35147 /* JodelChallenge.app */;
			productType = "com.apple.product-type.application";
		};
		7B354583222B1E9200A30600 /* FaiUITest */ = {
			isa = PBXNativeTarget;
			buildConfigurationList = 7B35458B222B1E9200A30600 /* Build configuration list for PBXNativeTarget "FaiUITest" */;
			buildPhases = (
				7B354580222B1E9200A30600 /* Sources */,
				7B354581222B1E9200A30600 /* Frameworks */,
				7B354582222B1E9200A30600 /* Resources */,
			);
			buildRules = (
			);
			dependencies = (
				7B35458A222B1E9200A30600 /* PBXTargetDependency */,
			);
			name = FaiUITest;
			productName = FaiUITest;
			productReference = 7B354584222B1E9200A30600 /* FaiUITest.xctest */;
			productType = "com.apple.product-type.bundle.ui-testing";
		};
		7B354591222B1EAF00A30600 /* FaiUnitTests */ = {
			isa = PBXNativeTarget;
			buildConfigurationList = 7B354599222B1EB000A30600 /* Build configuration list for PBXNativeTarget "FaiUnitTests" */;
			buildPhases = (
				D3907836A9241D75D38A85C8 /* [CP] Check Pods Manifest.lock */,
				7B35458E222B1EAF00A30600 /* Sources */,
				7B35458F222B1EAF00A30600 /* Frameworks */,
				7B354590222B1EAF00A30600 /* Resources */,
				27894D30E9E20879D270BBB1 /* [CP] Copy Pods Resources */,
			);
			buildRules = (
			);
			dependencies = (
				7B354598222B1EB000A30600 /* PBXTargetDependency */,
			);
			name = FaiUnitTests;
			productName = FaiUnitTests;
			productReference = 7B354592222B1EAF00A30600 /* FaiUnitTests.xctest */;
			productType = "com.apple.product-type.bundle.unit-test";
		};
/* End PBXNativeTarget section */

/* Begin PBXProject section */
		3FBCC7391F73AE9200D35147 /* Project object */ = {
			isa = PBXProject;
			attributes = {
				LastSwiftUpdateCheck = 0940;
				LastUpgradeCheck = 0940;
				ORGANIZATIONNAME = Jodel;
				TargetAttributes = {
					3FBCC7401F73AE9200D35147 = {
						CreatedOnToolsVersion = 9.0;
						LastSwiftMigration = 0900;
						ProvisioningStyle = Automatic;
					};
					7B354583222B1E9200A30600 = {
						CreatedOnToolsVersion = 9.4.1;
						ProvisioningStyle = Automatic;
						TestTargetID = 3FBCC7401F73AE9200D35147;
					};
					7B354591222B1EAF00A30600 = {
						CreatedOnToolsVersion = 9.4.1;
						ProvisioningStyle = Automatic;
						TestTargetID = 3FBCC7401F73AE9200D35147;
					};
				};
			};
			buildConfigurationList = 3FBCC73C1F73AE9200D35147 /* Build configuration list for PBXProject "JodelChallenge" */;
			compatibilityVersion = "Xcode 8.0";
			developmentRegion = en;
			hasScannedForEncodings = 0;
			knownRegions = (
				en,
				Base,
			);
			mainGroup = 3FBCC7381F73AE9200D35147;
			productRefGroup = 3FBCC7421F73AE9200D35147 /* Products */;
			projectDirPath = "";
			projectRoot = "";
			targets = (
				3FBCC7401F73AE9200D35147 /* JodelChallenge */,
				7B354583222B1E9200A30600 /* FaiUITest */,
				7B354591222B1EAF00A30600 /* FaiUnitTests */,
			);
		};
/* End PBXProject section */

/* Begin PBXResourcesBuildPhase section */
		3FBCC73F1F73AE9200D35147 /* Resources */ = {
			isa = PBXResourcesBuildPhase;
			buildActionMask = 2147483647;
			files = (
				3FBCC74F1F73AE9200D35147 /* LaunchScreen.storyboard in Resources */,
				3FBCC74C1F73AE9200D35147 /* Assets.xcassets in Resources */,
				3FBCC74A1F73AE9200D35147 /* Main.storyboard in Resources */,
			);
			runOnlyForDeploymentPostprocessing = 0;
		};
		7B354582222B1E9200A30600 /* Resources */ = {
			isa = PBXResourcesBuildPhase;
			buildActionMask = 2147483647;
			files = (
			);
			runOnlyForDeploymentPostprocessing = 0;
		};
		7B354590222B1EAF00A30600 /* Resources */ = {
			isa = PBXResourcesBuildPhase;
			buildActionMask = 2147483647;
			files = (
			);
			runOnlyForDeploymentPostprocessing = 0;
		};
/* End PBXResourcesBuildPhase section */

/* Begin PBXShellScriptBuildPhase section */
		27894D30E9E20879D270BBB1 /* [CP] Copy Pods Resources */ = {
			isa = PBXShellScriptBuildPhase;
			buildActionMask = 2147483647;
			files = (
			);
			inputFileListPaths = (
			);
			inputPaths = (
				"${PODS_ROOT}/Target Support Files/Pods-FaiUnitTests/Pods-FaiUnitTests-resources.sh",
				"${PODS_ROOT}/ImageSlideshow/ImageSlideshow/Assets/ic_cross_white@2x.png",
				"${PODS_ROOT}/ImageSlideshow/ImageSlideshow/Assets/ic_cross_white@3x.png",
			);
			name = "[CP] Copy Pods Resources";
			outputFileListPaths = (
			);
			outputPaths = (
				"${TARGET_BUILD_DIR}/${UNLOCALIZED_RESOURCES_FOLDER_PATH}/ic_cross_white@2x.png",
				"${TARGET_BUILD_DIR}/${UNLOCALIZED_RESOURCES_FOLDER_PATH}/ic_cross_white@3x.png",
			);
			runOnlyForDeploymentPostprocessing = 0;
			shellPath = /bin/sh;
			shellScript = "\"${PODS_ROOT}/Target Support Files/Pods-FaiUnitTests/Pods-FaiUnitTests-resources.sh\"\n";
			showEnvVarsInLog = 0;
		};
		896C3E1B6DD33A68D762DBDB /* [CP] Check Pods Manifest.lock */ = {
			isa = PBXShellScriptBuildPhase;
			buildActionMask = 2147483647;
			files = (
			);
			inputPaths = (
				"${PODS_PODFILE_DIR_PATH}/Podfile.lock",
				"${PODS_ROOT}/Manifest.lock",
			);
			name = "[CP] Check Pods Manifest.lock";
			outputPaths = (
				"$(DERIVED_FILE_DIR)/Pods-JodelChallenge-checkManifestLockResult.txt",
			);
			runOnlyForDeploymentPostprocessing = 0;
			shellPath = /bin/sh;
			shellScript = "diff \"${PODS_PODFILE_DIR_PATH}/Podfile.lock\" \"${PODS_ROOT}/Manifest.lock\" > /dev/null\nif [ $? != 0 ] ; then\n    # print error to STDERR\n    echo \"error: The sandbox is not in sync with the Podfile.lock. Run 'pod install' or update your CocoaPods installation.\" >&2\n    exit 1\nfi\n# This output is used by Xcode 'outputs' to avoid re-running this script phase.\necho \"SUCCESS\" > \"${SCRIPT_OUTPUT_FILE_0}\"\n";
			showEnvVarsInLog = 0;
		};
		D3907836A9241D75D38A85C8 /* [CP] Check Pods Manifest.lock */ = {
			isa = PBXShellScriptBuildPhase;
			buildActionMask = 2147483647;
			files = (
			);
			inputFileListPaths = (
			);
			inputPaths = (
				"${PODS_PODFILE_DIR_PATH}/Podfile.lock",
				"${PODS_ROOT}/Manifest.lock",
			);
			name = "[CP] Check Pods Manifest.lock";
			outputFileListPaths = (
			);
			outputPaths = (
				"$(DERIVED_FILE_DIR)/Pods-FaiUnitTests-checkManifestLockResult.txt",
			);
			runOnlyForDeploymentPostprocessing = 0;
			shellPath = /bin/sh;
			shellScript = "diff \"${PODS_PODFILE_DIR_PATH}/Podfile.lock\" \"${PODS_ROOT}/Manifest.lock\" > /dev/null\nif [ $? != 0 ] ; then\n    # print error to STDERR\n    echo \"error: The sandbox is not in sync with the Podfile.lock. Run 'pod install' or update your CocoaPods installation.\" >&2\n    exit 1\nfi\n# This output is used by Xcode 'outputs' to avoid re-running this script phase.\necho \"SUCCESS\" > \"${SCRIPT_OUTPUT_FILE_0}\"\n";
			showEnvVarsInLog = 0;
		};
		E0BD68807361C40A30236BAD /* [CP] Copy Pods Resources */ = {
			isa = PBXShellScriptBuildPhase;
			buildActionMask = 2147483647;
			files = (
			);
			inputPaths = (
				"${PODS_ROOT}/Target Support Files/Pods-JodelChallenge/Pods-JodelChallenge-resources.sh",
				"${PODS_ROOT}/ImageSlideshow/ImageSlideshow/Assets/ic_cross_white@2x.png",
				"${PODS_ROOT}/ImageSlideshow/ImageSlideshow/Assets/ic_cross_white@3x.png",
			);
			name = "[CP] Copy Pods Resources";
			outputPaths = (
				"${TARGET_BUILD_DIR}/${UNLOCALIZED_RESOURCES_FOLDER_PATH}/ic_cross_white@2x.png",
				"${TARGET_BUILD_DIR}/${UNLOCALIZED_RESOURCES_FOLDER_PATH}/ic_cross_white@3x.png",
			);
			runOnlyForDeploymentPostprocessing = 0;
			shellPath = /bin/sh;
			shellScript = "\"${PODS_ROOT}/Target Support Files/Pods-JodelChallenge/Pods-JodelChallenge-resources.sh\"\n";
			showEnvVarsInLog = 0;
		};
/* End PBXShellScriptBuildPhase section */

/* Begin PBXSourcesBuildPhase section */
		3FBCC73D1F73AE9200D35147 /* Sources */ = {
			isa = PBXSourcesBuildPhase;
			buildActionMask = 2147483647;
			files = (
				7BA444EC221A0B72000F7F30 /* CollectionCell.swift in Sources */,
				7BA444D922199223000F7F30 /* FeedCollectionViewController.swift in Sources */,
				7B44494A222AA00100BDAC25 /* LoadingViewController.swift in Sources */,
				3FBCC7451F73AE9200D35147 /* AppDelegate.swift in Sources */,
				7B93E23F222750080037BEA8 /* PhotoViewController.swift in Sources */,
				7B31FF1B222C775E00C83F1B /* PhotoViewModel.swift in Sources */,
				7B3DCE872221B40E00F872B8 /* NetworkManager.swift in Sources */,
				3F5224401F73B0C100D7D77A /* FlickrApi.m in Sources */,
			);
			runOnlyForDeploymentPostprocessing = 0;
		};
		7B354580222B1E9200A30600 /* Sources */ = {
			isa = PBXSourcesBuildPhase;
			buildActionMask = 2147483647;
			files = (
				7B354587222B1E9200A30600 /* FaiUITest.swift in Sources */,
			);
			runOnlyForDeploymentPostprocessing = 0;
		};
		7B35458E222B1EAF00A30600 /* Sources */ = {
			isa = PBXSourcesBuildPhase;
			buildActionMask = 2147483647;
			files = (
				7B4701AD222B41020026373A /* FaiUnitTests.swift in Sources */,
			);
			runOnlyForDeploymentPostprocessing = 0;
		};
/* End PBXSourcesBuildPhase section */

/* Begin PBXTargetDependency section */
		7B35458A222B1E9200A30600 /* PBXTargetDependency */ = {
			isa = PBXTargetDependency;
			target = 3FBCC7401F73AE9200D35147 /* JodelChallenge */;
			targetProxy = 7B354589222B1E9200A30600 /* PBXContainerItemProxy */;
		};
		7B354598222B1EB000A30600 /* PBXTargetDependency */ = {
			isa = PBXTargetDependency;
			target = 3FBCC7401F73AE9200D35147 /* JodelChallenge */;
			targetProxy = 7B354597222B1EB000A30600 /* PBXContainerItemProxy */;
		};
/* End PBXTargetDependency section */

/* Begin PBXVariantGroup section */
		3FBCC7481F73AE9200D35147 /* Main.storyboard */ = {
			isa = PBXVariantGroup;
			children = (
				3FBCC7491F73AE9200D35147 /* Base */,
			);
			name = Main.storyboard;
			sourceTree = "<group>";
		};
		3FBCC74D1F73AE9200D35147 /* LaunchScreen.storyboard */ = {
			isa = PBXVariantGroup;
			children = (
				3FBCC74E1F73AE9200D35147 /* Base */,
			);
			name = LaunchScreen.storyboard;
			sourceTree = "<group>";
		};
/* End PBXVariantGroup section */

/* Begin XCBuildConfiguration section */
		3FBCC7671F73AE9200D35147 /* Debug */ = {
			isa = XCBuildConfiguration;
			buildSettings = {
				ALWAYS_SEARCH_USER_PATHS = NO;
				CLANG_ANALYZER_NONNULL = YES;
				CLANG_ANALYZER_NUMBER_OBJECT_CONVERSION = YES_AGGRESSIVE;
				CLANG_CXX_LANGUAGE_STANDARD = "gnu++14";
				CLANG_CXX_LIBRARY = "libc++";
				CLANG_ENABLE_MODULES = YES;
				CLANG_ENABLE_OBJC_ARC = YES;
				CLANG_WARN_BLOCK_CAPTURE_AUTORELEASING = YES;
				CLANG_WARN_BOOL_CONVERSION = YES;
				CLANG_WARN_COMMA = YES;
				CLANG_WARN_CONSTANT_CONVERSION = YES;
				CLANG_WARN_DEPRECATED_OBJC_IMPLEMENTATIONS = YES;
				CLANG_WARN_DIRECT_OBJC_ISA_USAGE = YES_ERROR;
				CLANG_WARN_DOCUMENTATION_COMMENTS = YES;
				CLANG_WARN_EMPTY_BODY = YES;
				CLANG_WARN_ENUM_CONVERSION = YES;
				CLANG_WARN_INFINITE_RECURSION = YES;
				CLANG_WARN_INT_CONVERSION = YES;
				CLANG_WARN_NON_LITERAL_NULL_CONVERSION = YES;
				CLANG_WARN_OBJC_IMPLICIT_RETAIN_SELF = YES;
				CLANG_WARN_OBJC_LITERAL_CONVERSION = YES;
				CLANG_WARN_OBJC_ROOT_CLASS = YES_ERROR;
				CLANG_WARN_RANGE_LOOP_ANALYSIS = YES;
				CLANG_WARN_STRICT_PROTOTYPES = YES;
				CLANG_WARN_SUSPICIOUS_MOVE = YES;
				CLANG_WARN_UNGUARDED_AVAILABILITY = YES_AGGRESSIVE;
				CLANG_WARN_UNREACHABLE_CODE = YES;
				CLANG_WARN__DUPLICATE_METHOD_MATCH = YES;
				CODE_SIGN_IDENTITY = "iPhone Developer";
				COPY_PHASE_STRIP = NO;
				DEBUG_INFORMATION_FORMAT = dwarf;
				ENABLE_STRICT_OBJC_MSGSEND = YES;
				ENABLE_TESTABILITY = YES;
				GCC_C_LANGUAGE_STANDARD = gnu11;
				GCC_DYNAMIC_NO_PIC = NO;
				GCC_NO_COMMON_BLOCKS = YES;
				GCC_OPTIMIZATION_LEVEL = 0;
				GCC_PREPROCESSOR_DEFINITIONS = (
					"DEBUG=1",
					"$(inherited)",
				);
				GCC_WARN_64_TO_32_BIT_CONVERSION = YES;
				GCC_WARN_ABOUT_RETURN_TYPE = YES_ERROR;
				GCC_WARN_UNDECLARED_SELECTOR = YES;
				GCC_WARN_UNINITIALIZED_AUTOS = YES_AGGRESSIVE;
				GCC_WARN_UNUSED_FUNCTION = YES;
				GCC_WARN_UNUSED_VARIABLE = YES;
				IPHONEOS_DEPLOYMENT_TARGET = 11.0;
				MTL_ENABLE_DEBUG_INFO = YES;
				ONLY_ACTIVE_ARCH = YES;
				SDKROOT = iphoneos;
				SWIFT_ACTIVE_COMPILATION_CONDITIONS = DEBUG;
				SWIFT_OPTIMIZATION_LEVEL = "-Onone";
			};
			name = Debug;
		};
		3FBCC7681F73AE9200D35147 /* Release */ = {
			isa = XCBuildConfiguration;
			buildSettings = {
				ALWAYS_SEARCH_USER_PATHS = NO;
				CLANG_ANALYZER_NONNULL = YES;
				CLANG_ANALYZER_NUMBER_OBJECT_CONVERSION = YES_AGGRESSIVE;
				CLANG_CXX_LANGUAGE_STANDARD = "gnu++14";
				CLANG_CXX_LIBRARY = "libc++";
				CLANG_ENABLE_MODULES = YES;
				CLANG_ENABLE_OBJC_ARC = YES;
				CLANG_WARN_BLOCK_CAPTURE_AUTORELEASING = YES;
				CLANG_WARN_BOOL_CONVERSION = YES;
				CLANG_WARN_COMMA = YES;
				CLANG_WARN_CONSTANT_CONVERSION = YES;
				CLANG_WARN_DEPRECATED_OBJC_IMPLEMENTATIONS = YES;
				CLANG_WARN_DIRECT_OBJC_ISA_USAGE = YES_ERROR;
				CLANG_WARN_DOCUMENTATION_COMMENTS = YES;
				CLANG_WARN_EMPTY_BODY = YES;
				CLANG_WARN_ENUM_CONVERSION = YES;
				CLANG_WARN_INFINITE_RECURSION = YES;
				CLANG_WARN_INT_CONVERSION = YES;
				CLANG_WARN_NON_LITERAL_NULL_CONVERSION = YES;
				CLANG_WARN_OBJC_IMPLICIT_RETAIN_SELF = YES;
				CLANG_WARN_OBJC_LITERAL_CONVERSION = YES;
				CLANG_WARN_OBJC_ROOT_CLASS = YES_ERROR;
				CLANG_WARN_RANGE_LOOP_ANALYSIS = YES;
				CLANG_WARN_STRICT_PROTOTYPES = YES;
				CLANG_WARN_SUSPICIOUS_MOVE = YES;
				CLANG_WARN_UNGUARDED_AVAILABILITY = YES_AGGRESSIVE;
				CLANG_WARN_UNREACHABLE_CODE = YES;
				CLANG_WARN__DUPLICATE_METHOD_MATCH = YES;
				CODE_SIGN_IDENTITY = "iPhone Developer";
				COPY_PHASE_STRIP = NO;
				DEBUG_INFORMATION_FORMAT = "dwarf-with-dsym";
				ENABLE_NS_ASSERTIONS = NO;
				ENABLE_STRICT_OBJC_MSGSEND = YES;
				GCC_C_LANGUAGE_STANDARD = gnu11;
				GCC_NO_COMMON_BLOCKS = YES;
				GCC_WARN_64_TO_32_BIT_CONVERSION = YES;
				GCC_WARN_ABOUT_RETURN_TYPE = YES_ERROR;
				GCC_WARN_UNDECLARED_SELECTOR = YES;
				GCC_WARN_UNINITIALIZED_AUTOS = YES_AGGRESSIVE;
				GCC_WARN_UNUSED_FUNCTION = YES;
				GCC_WARN_UNUSED_VARIABLE = YES;
				IPHONEOS_DEPLOYMENT_TARGET = 11.0;
				MTL_ENABLE_DEBUG_INFO = NO;
				SDKROOT = iphoneos;
				SWIFT_OPTIMIZATION_LEVEL = "-Owholemodule";
				VALIDATE_PRODUCT = YES;
			};
			name = Release;
		};
		3FBCC76A1F73AE9200D35147 /* Debug */ = {
			isa = XCBuildConfiguration;
			baseConfigurationReference = 725C4F04B15E5272D8D1E3A0 /* Pods-JodelChallenge.debug.xcconfig */;
			buildSettings = {
				ASSETCATALOG_COMPILER_APPICON_NAME = AppIcon;
				CLANG_ENABLE_MODULES = YES;
				CODE_SIGN_IDENTITY = "iPhone Developer";
				CODE_SIGN_STYLE = Automatic;
				DEFINES_MODULE = YES;
				DEVELOPMENT_TEAM = 4M538E22HU;
				INFOPLIST_FILE = JodelChallenge/Info.plist;
				LD_RUNPATH_SEARCH_PATHS = "$(inherited) @executable_path/Frameworks";
				PRODUCT_BUNDLE_IDENTIFIER = com.technerd.JodelChallenge;
				PRODUCT_NAME = "$(TARGET_NAME)";
				PROVISIONING_PROFILE_SPECIFIER = "";
				SWIFT_OBJC_BRIDGING_HEADER = "JodelChallenge/NetworkAPI/JodelChallenge-Bridging-Header.h";
				SWIFT_OPTIMIZATION_LEVEL = "-Onone";
				SWIFT_VERSION = 4.0;
				TARGETED_DEVICE_FAMILY = 1;
			};
			name = Debug;
		};
		3FBCC76B1F73AE9200D35147 /* Release */ = {
			isa = XCBuildConfiguration;
			baseConfigurationReference = A7096B2AF22017DBA2B785C4 /* Pods-JodelChallenge.release.xcconfig */;
			buildSettings = {
				ASSETCATALOG_COMPILER_APPICON_NAME = AppIcon;
				CLANG_ENABLE_MODULES = YES;
				CODE_SIGN_IDENTITY = "iPhone Developer";
				CODE_SIGN_STYLE = Automatic;
				DEFINES_MODULE = YES;
				DEVELOPMENT_TEAM = 4M538E22HU;
				INFOPLIST_FILE = JodelChallenge/Info.plist;
				LD_RUNPATH_SEARCH_PATHS = "$(inherited) @executable_path/Frameworks";
				PRODUCT_BUNDLE_IDENTIFIER = com.technerd.JodelChallenge;
				PRODUCT_NAME = "$(TARGET_NAME)";
				PROVISIONING_PROFILE_SPECIFIER = "";
				SWIFT_OBJC_BRIDGING_HEADER = "JodelChallenge/NetworkAPI/JodelChallenge-Bridging-Header.h";
				SWIFT_VERSION = 4.0;
				TARGETED_DEVICE_FAMILY = 1;
			};
			name = Release;
		};
		7B35458C222B1E9200A30600 /* Debug */ = {
			isa = XCBuildConfiguration;
			buildSettings = {
				CLANG_ENABLE_OBJC_WEAK = YES;
				CODE_SIGN_STYLE = Automatic;
				DEVELOPMENT_TEAM = 4M538E22HU;
				INFOPLIST_FILE = FaiUITest/Info.plist;
				IPHONEOS_DEPLOYMENT_TARGET = 11.4;
				LD_RUNPATH_SEARCH_PATHS = "$(inherited) @executable_path/Frameworks @loader_path/Frameworks";
				PRODUCT_BUNDLE_IDENTIFIER = com.technerd.FaiUITest;
				PRODUCT_NAME = "$(TARGET_NAME)";
				SWIFT_VERSION = 4.0;
				TARGETED_DEVICE_FAMILY = "1,2";
				TEST_TARGET_NAME = JodelChallenge;
			};
			name = Debug;
		};
		7B35458D222B1E9200A30600 /* Release */ = {
			isa = XCBuildConfiguration;
			buildSettings = {
				CLANG_ENABLE_OBJC_WEAK = YES;
				CODE_SIGN_STYLE = Automatic;
				DEVELOPMENT_TEAM = 4M538E22HU;
				INFOPLIST_FILE = FaiUITest/Info.plist;
				IPHONEOS_DEPLOYMENT_TARGET = 11.4;
				LD_RUNPATH_SEARCH_PATHS = "$(inherited) @executable_path/Frameworks @loader_path/Frameworks";
				PRODUCT_BUNDLE_IDENTIFIER = com.technerd.FaiUITest;
				PRODUCT_NAME = "$(TARGET_NAME)";
				SWIFT_VERSION = 4.0;
				TARGETED_DEVICE_FAMILY = "1,2";
				TEST_TARGET_NAME = JodelChallenge;
			};
			name = Release;
		};
		7B35459A222B1EB000A30600 /* Debug */ = {
			isa = XCBuildConfiguration;
			baseConfigurationReference = 3280AD3C8DE99AF652AD0779 /* Pods-FaiUnitTests.debug.xcconfig */;
			buildSettings = {
				BUNDLE_LOADER = "$(TEST_HOST)";
				CLANG_ENABLE_OBJC_WEAK = YES;
				CODE_SIGN_STYLE = Automatic;
				DEVELOPMENT_TEAM = 4M538E22HU;
				INFOPLIST_FILE = FaiUnitTests/Info.plist;
				IPHONEOS_DEPLOYMENT_TARGET = 11.4;
				LD_RUNPATH_SEARCH_PATHS = "$(inherited) @executable_path/Frameworks @loader_path/Frameworks";
				PRODUCT_BUNDLE_IDENTIFIER = com.technerd.FaiUnitTests;
				PRODUCT_NAME = "$(TARGET_NAME)";
				SWIFT_VERSION = 4.0;
				TARGETED_DEVICE_FAMILY = "1,2";
				TEST_HOST = "$(BUILT_PRODUCTS_DIR)/JodelChallenge.app/JodelChallenge";
			};
			name = Debug;
		};
		7B35459B222B1EB000A30600 /* Release */ = {
			isa = XCBuildConfiguration;
			baseConfigurationReference = B1A7A2AD6F673CACAC67FBAF /* Pods-FaiUnitTests.release.xcconfig */;
			buildSettings = {
				BUNDLE_LOADER = "$(TEST_HOST)";
				CLANG_ENABLE_OBJC_WEAK = YES;
				CODE_SIGN_STYLE = Automatic;
				DEVELOPMENT_TEAM = 4M538E22HU;
				INFOPLIST_FILE = FaiUnitTests/Info.plist;
				IPHONEOS_DEPLOYMENT_TARGET = 11.4;
				LD_RUNPATH_SEARCH_PATHS = "$(inherited) @executable_path/Frameworks @loader_path/Frameworks";
				PRODUCT_BUNDLE_IDENTIFIER = com.technerd.FaiUnitTests;
				PRODUCT_NAME = "$(TARGET_NAME)";
				SWIFT_VERSION = 4.0;
				TARGETED_DEVICE_FAMILY = "1,2";
				TEST_HOST = "$(BUILT_PRODUCTS_DIR)/JodelChallenge.app/JodelChallenge";
			};
			name = Release;
		};
/* End XCBuildConfiguration section */

/* Begin XCConfigurationList section */
		3FBCC73C1F73AE9200D35147 /* Build configuration list for PBXProject "JodelChallenge" */ = {
			isa = XCConfigurationList;
			buildConfigurations = (
				3FBCC7671F73AE9200D35147 /* Debug */,
				3FBCC7681F73AE9200D35147 /* Release */,
			);
			defaultConfigurationIsVisible = 0;
			defaultConfigurationName = Release;
		};
		3FBCC7691F73AE9200D35147 /* Build configuration list for PBXNativeTarget "JodelChallenge" */ = {
			isa = XCConfigurationList;
			buildConfigurations = (
				3FBCC76A1F73AE9200D35147 /* Debug */,
				3FBCC76B1F73AE9200D35147 /* Release */,
			);
			defaultConfigurationIsVisible = 0;
			defaultConfigurationName = Release;
		};
		7B35458B222B1E9200A30600 /* Build configuration list for PBXNativeTarget "FaiUITest" */ = {
			isa = XCConfigurationList;
			buildConfigurations = (
				7B35458C222B1E9200A30600 /* Debug */,
				7B35458D222B1E9200A30600 /* Release */,
			);
			defaultConfigurationIsVisible = 0;
			defaultConfigurationName = Release;
		};
		7B354599222B1EB000A30600 /* Build configuration list for PBXNativeTarget "FaiUnitTests" */ = {
			isa = XCConfigurationList;
			buildConfigurations = (
				7B35459A222B1EB000A30600 /* Debug */,
				7B35459B222B1EB000A30600 /* Release */,
			);
			defaultConfigurationIsVisible = 0;
			defaultConfigurationName = Release;
		};
/* End XCConfigurationList section */
	};
	rootObject = 3FBCC7391F73AE9200D35147 /* Project object */;
}
